
Microsoft Visual Studio Solution File, Format Version 12.00
# Visual Studio Version 16
VisualStudioVersion = 16.0.34601.136
MinimumVisualStudioVersion = 10.0.40219.1
Project("{FAE04EC0-301F-11D3-BF4B-00C04F79EFBC}") = "Jindra´s world", "Jindra´s world.csproj", "{C2E56C91-EBC7-4709-8B89-A5FD3154AA9B}"
EndProject
Project("{2150E333-8FDC-42A3-9474-1A3956D46DE8}") = "Solution Items", "Solution Items", "{BA4AFAB6-ED48-4FED-BD6B-FD5186485B79}"
	ProjectSection(SolutionItems) = preProject
		Game.cs = Game.cs
	EndProjectSection
EndProject
Global
	GlobalSection(SolutionConfigurationPlatforms) = preSolution
		Debug|Any CPU = Debug|Any CPU
		Release|Any CPU = Release|Any CPU
	EndGlobalSection
	GlobalSection(ProjectConfigurationPlatforms) = postSolution
		{C2E56C91-EBC7-4709-8B89-A5FD3154AA9B}.Debug|Any CPU.ActiveCfg = Debug|Any CPU
		{C2E56C91-EBC7-4709-8B89-A5FD3154AA9B}.Debug|Any CPU.Build.0 = Debug|Any CPU
		{C2E56C91-EBC7-4709-8B89-A5FD3154AA9B}.Release|Any CPU.ActiveCfg = Release|Any CPU
		{C2E56C91-EBC7-4709-8B89-A5FD3154AA9B}.Release|Any CPU.Build.0 = Release|Any CPU
	EndGlobalSection
	GlobalSection(SolutionProperties) = preSolution
		HideSolutionNode = FALSE
	EndGlobalSection
	GlobalSection(ExtensibilityGlobals) = postSolution
		SolutionGuid = {B7D83C47-AFBC-4D01-986E-8AFF200C719D}
	EndGlobalSection
EndGlobal
