
Microsoft Visual Studio Solution File, Format Version 12.00
# Visual Studio Version 17
VisualStudioVersion = 17.7.34024.191
MinimumVisualStudioVersion = 10.0.40219.1
Project("{FAE04EC0-301F-11D3-BF4B-00C04F79EFBC}") = "hodina2", "hodina2.csproj", "{1C295ABB-3835-4283-B917-6887602B28E2}"
EndProject
Global
	GlobalSection(SolutionConfigurationPlatforms) = preSolution
		Debug|Any CPU = Debug|Any CPU
		Release|Any CPU = Release|Any CPU
	EndGlobalSection
	GlobalSection(ProjectConfigurationPlatforms) = postSolution
		{1C295ABB-3835-4283-B917-6887602B28E2}.Debug|Any CPU.ActiveCfg = Debug|Any CPU
		{1C295ABB-3835-4283-B917-6887602B28E2}.Debug|Any CPU.Build.0 = Debug|Any CPU
		{1C295ABB-3835-4283-B917-6887602B28E2}.Release|Any CPU.ActiveCfg = Release|Any CPU
		{1C295ABB-3835-4283-B917-6887602B28E2}.Release|Any CPU.Build.0 = Release|Any CPU
	EndGlobalSection
	GlobalSection(SolutionProperties) = preSolution
		HideSolutionNode = FALSE
	EndGlobalSection
	GlobalSection(ExtensibilityGlobals) = postSolution
		SolutionGuid = {313DC3D8-C45F-4C42-BBE1-A0F317FD99CD}
	EndGlobalSection
EndGlobal
